# This file is automatically @generated by Cargo.
# It is not intended for manual editing.
version = 3

[[package]]
name = "daachorse"
version = "1.0.0"
source = "registry+https://github.com/rust-lang/crates.io-index"
checksum = "63b7ef7a4be509357f4804d0a22e830daddb48f19fd604e4ad32ddce04a94c36"

[[package]]
name = "pinyin"
version = "0.1.0"
dependencies = [
 "daachorse",
]
